
Microsoft Visual Studio Solution File, Format Version 12.00
# Visual Studio 15
VisualStudioVersion = 15.0.28307.1259
MinimumVisualStudioVersion = 10.0.40219.1
Project("{FAE04EC0-301F-11D3-BF4B-00C04F79EFBC}") = "Projekt2_Boiko48666", "Projekt2_Boiko_Volodymyr_48666\Projekt2_Boiko48666.csproj", "{F6591AF6-E387-4682-BA5B-4F3B1893956B}"
EndProject
Global
	GlobalSection(SolutionConfigurationPlatforms) = preSolution
		Debug|Any CPU = Debug|Any CPU
		Release|Any CPU = Release|Any CPU
	EndGlobalSection
	GlobalSection(ProjectConfigurationPlatforms) = postSolution
		{F6591AF6-E387-4682-BA5B-4F3B1893956B}.Debug|Any CPU.ActiveCfg = Debug|Any CPU
		{F6591AF6-E387-4682-BA5B-4F3B1893956B}.Debug|Any CPU.Build.0 = Debug|Any CPU
		{F6591AF6-E387-4682-BA5B-4F3B1893956B}.Release|Any CPU.ActiveCfg = Release|Any CPU
		{F6591AF6-E387-4682-BA5B-4F3B1893956B}.Release|Any CPU.Build.0 = Release|Any CPU
	EndGlobalSection
	GlobalSection(SolutionProperties) = preSolution
		HideSolutionNode = FALSE
	EndGlobalSection
	GlobalSection(ExtensibilityGlobals) = postSolution
		SolutionGuid = {A526D710-0CB0-4660-8F44-B1D43FD1CB0A}
	EndGlobalSection
EndGlobal
